// !$*UTF8*$!
{
	archiveVersion = 1;
	classes = {
	};
	objectVersion = 46;
	objects = {

/* Begin PBXBuildFile section */
		79F59A8E1DF7C4AB00C4352A /* AppDelegate.swift in Sources */ = {isa = PBXBuildFile; fileRef = 79F59A8D1DF7C4AB00C4352A /* AppDelegate.swift */; };
		79F59A901DF7C4AB00C4352A /* ViewController.swift in Sources */ = {isa = PBXBuildFile; fileRef = 79F59A8F1DF7C4AB00C4352A /* ViewController.swift */; };
		79F59A931DF7C4AB00C4352A /* Main.storyboard in Resources */ = {isa = PBXBuildFile; fileRef = 79F59A911DF7C4AB00C4352A /* Main.storyboard */; };
		79F59A951DF7C4AB00C4352A /* Assets.xcassets in Resources */ = {isa = PBXBuildFile; fileRef = 79F59A941DF7C4AB00C4352A /* Assets.xcassets */; };
		79F59A981DF7C4AB00C4352A /* LaunchScreen.storyboard in Resources */ = {isa = PBXBuildFile; fileRef = 79F59A961DF7C4AB00C4352A /* LaunchScreen.storyboard */; };
		79F59AA31DF7C4AB00C4352A /* nkmlovers1Tests.swift in Sources */ = {isa = PBXBuildFile; fileRef = 79F59AA21DF7C4AB00C4352A /* nkmlovers1Tests.swift */; };
		79F59AAE1DF7C4AB00C4352A /* nkmlovers1UITests.swift in Sources */ = {isa = PBXBuildFile; fileRef = 79F59AAD1DF7C4AB00C4352A /* nkmlovers1UITests.swift */; };
/* End PBXBuildFile section */

/* Begin PBXContainerItemProxy section */
		79F59A9F1DF7C4AB00C4352A /* PBXContainerItemProxy */ = {
			isa = PBXContainerItemProxy;
			containerPortal = 79F59A821DF7C4AB00C4352A /* Project object */;
			proxyType = 1;
			remoteGlobalIDString = 79F59A891DF7C4AB00C4352A;
			remoteInfo = nkmlovers1;
		};
		79F59AAA1DF7C4AB00C4352A /* PBXContainerItemProxy */ = {
			isa = PBXContainerItemProxy;
			containerPortal = 79F59A821DF7C4AB00C4352A /* Project object */;
			proxyType = 1;
			remoteGlobalIDString = 79F59A891DF7C4AB00C4352A;
			remoteInfo = nkmlovers1;
		};
/* End PBXContainerItemProxy section */

/* Begin PBXFileReference section */
		79F59A8A1DF7C4AB00C4352A /* nkmlovers1.app */ = {isa = PBXFileReference; explicitFileType = wrapper.application; includeInIndex = 0; path = nkmlovers1.app; sourceTree = BUILT_PRODUCTS_DIR; };
		79F59A8D1DF7C4AB00C4352A /* AppDelegate.swift */ = {isa = PBXFileReference; lastKnownFileType = sourcecode.swift; path = AppDelegate.swift; sourceTree = "<group>"; };
		79F59A8F1DF7C4AB00C4352A /* ViewController.swift */ = {isa = PBXFileReference; lastKnownFileType = sourcecode.swift; path = ViewController.swift; sourceTree = "<group>"; };
		79F59A921DF7C4AB00C4352A /* Base */ = {isa = PBXFileReference; lastKnownFileType = file.storyboard; name = Base; path = Base.lproj/Main.storyboard; sourceTree = "<group>"; };
		79F59A941DF7C4AB00C4352A /* Assets.xcassets */ = {isa = PBXFileReference; lastKnownFileType = folder.assetcatalog; path = Assets.xcassets; sourceTree = "<group>"; };
		79F59A971DF7C4AB00C4352A /* Base */ = {isa = PBXFileReference; lastKnownFileType = file.storyboard; name = Base; path = Base.lproj/LaunchScreen.storyboard; sourceTree = "<group>"; };
		79F59A991DF7C4AB00C4352A /* Info.plist */ = {isa = PBXFileReference; lastKnownFileType = text.plist.xml; path = Info.plist; sourceTree = "<group>"; };
		79F59A9E1DF7C4AB00C4352A /* nkmlovers1Tests.xctest */ = {isa = PBXFileReference; explicitFileType = wrapper.cfbundle; includeInIndex = 0; path = nkmlovers1Tests.xctest; sourceTree = BUILT_PRODUCTS_DIR; };
		79F59AA21DF7C4AB00C4352A /* nkmlovers1Tests.swift */ = {isa = PBXFileReference; lastKnownFileType = sourcecode.swift; path = nkmlovers1Tests.swift; sourceTree = "<group>"; };
		79F59AA41DF7C4AB00C4352A /* Info.plist */ = {isa = PBXFileReference; lastKnownFileType = text.plist.xml; path = Info.plist; sourceTree = "<group>"; };
		79F59AA91DF7C4AB00C4352A /* nkmlovers1UITests.xctest */ = {isa = PBXFileReference; explicitFileType = wrapper.cfbundle; includeInIndex = 0; path = nkmlovers1UITests.xctest; sourceTree = BUILT_PRODUCTS_DIR; };
		79F59AAD1DF7C4AB00C4352A /* nkmlovers1UITests.swift */ = {isa = PBXFileReference; lastKnownFileType = sourcecode.swift; path = nkmlovers1UITests.swift; sourceTree = "<group>"; };
		79F59AAF1DF7C4AB00C4352A /* Info.plist */ = {isa = PBXFileReference; lastKnownFileType = text.plist.xml; path = Info.plist; sourceTree = "<group>"; };
/* End PBXFileReference section */

/* Begin PBXFrameworksBuildPhase section */
		79F59A871DF7C4AB00C4352A /* Frameworks */ = {
			isa = PBXFrameworksBuildPhase;
			buildActionMask = 2147483647;
			files = (
			);
			runOnlyForDeploymentPostprocessing = 0;
		};
		79F59A9B1DF7C4AB00C4352A /* Frameworks */ = {
			isa = PBXFrameworksBuildPhase;
			buildActionMask = 2147483647;
			files = (
			);
			runOnlyForDeploymentPostprocessing = 0;
		};
		79F59AA61DF7C4AB00C4352A /* Frameworks */ = {
			isa = PBXFrameworksBuildPhase;
			buildActionMask = 2147483647;
			files = (
			);
			runOnlyForDeploymentPostprocessing = 0;
		};
/* End PBXFrameworksBuildPhase section */

/* Begin PBXGroup section */
		79F59A811DF7C4AB00C4352A = {
			isa = PBXGroup;
			children = (
				79F59A8C1DF7C4AB00C4352A /* nkmlovers1 */,
				79F59AA11DF7C4AB00C4352A /* nkmlovers1Tests */,
				79F59AAC1DF7C4AB00C4352A /* nkmlovers1UITests */,
				79F59A8B1DF7C4AB00C4352A /* Products */,
			);
			sourceTree = "<group>";
		};
		79F59A8B1DF7C4AB00C4352A /* Products */ = {
			isa = PBXGroup;
			children = (
				79F59A8A1DF7C4AB00C4352A /* nkmlovers1.app */,
				79F59A9E1DF7C4AB00C4352A /* nkmlovers1Tests.xctest */,
				79F59AA91DF7C4AB00C4352A /* nkmlovers1UITests.xctest */,
			);
			name = Products;
			sourceTree = "<group>";
		};
		79F59A8C1DF7C4AB00C4352A /* nkmlovers1 */ = {
			isa = PBXGroup;
			children = (
				79F59A8D1DF7C4AB00C4352A /* AppDelegate.swift */,
				79F59A8F1DF7C4AB00C4352A /* ViewController.swift */,
				79F59A911DF7C4AB00C4352A /* Main.storyboard */,
				79F59A941DF7C4AB00C4352A /* Assets.xcassets */,
				79F59A961DF7C4AB00C4352A /* LaunchScreen.storyboard */,
				79F59A991DF7C4AB00C4352A /* Info.plist */,
			);
			path = nkmlovers1;
			sourceTree = "<group>";
		};
		79F59AA11DF7C4AB00C4352A /* nkmlovers1Tests */ = {
			isa = PBXGroup;
			children = (
				79F59AA21DF7C4AB00C4352A /* nkmlovers1Tests.swift */,
				79F59AA41DF7C4AB00C4352A /* Info.plist */,
			);
			path = nkmlovers1Tests;
			sourceTree = "<group>";
		};
		79F59AAC1DF7C4AB00C4352A /* nkmlovers1UITests */ = {
			isa = PBXGroup;
			children = (
				79F59AAD1DF7C4AB00C4352A /* nkmlovers1UITests.swift */,
				79F59AAF1DF7C4AB00C4352A /* Info.plist */,
			);
			path = nkmlovers1UITests;
			sourceTree = "<group>";
		};
/* End PBXGroup section */

/* Begin PBXNativeTarget section */
		79F59A891DF7C4AB00C4352A /* nkmlovers1 */ = {
			isa = PBXNativeTarget;
			buildConfigurationList = 79F59AB21DF7C4AB00C4352A /* Build configuration list for PBXNativeTarget "nkmlovers1" */;
			buildPhases = (
				79F59A861DF7C4AB00C4352A /* Sources */,
				79F59A871DF7C4AB00C4352A /* Frameworks */,
				79F59A881DF7C4AB00C4352A /* Resources */,
			);
			buildRules = (
			);
			dependencies = (
			);
			name = nkmlovers1;
			productName = nkmlovers1;
			productReference = 79F59A8A1DF7C4AB00C4352A /* nkmlovers1.app */;
			productType = "com.apple.product-type.application";
		};
		79F59A9D1DF7C4AB00C4352A /* nkmlovers1Tests */ = {
			isa = PBXNativeTarget;
			buildConfigurationList = 79F59AB51DF7C4AB00C4352A /* Build configuration list for PBXNativeTarget "nkmlovers1Tests" */;
			buildPhases = (
				79F59A9A1DF7C4AB00C4352A /* Sources */,
				79F59A9B1DF7C4AB00C4352A /* Frameworks */,
				79F59A9C1DF7C4AB00C4352A /* Resources */,
			);
			buildRules = (
			);
			dependencies = (
				79F59AA01DF7C4AB00C4352A /* PBXTargetDependency */,
			);
			name = nkmlovers1Tests;
			productName = nkmlovers1Tests;
			productReference = 79F59A9E1DF7C4AB00C4352A /* nkmlovers1Tests.xctest */;
			productType = "com.apple.product-type.bundle.unit-test";
		};
		79F59AA81DF7C4AB00C4352A /* nkmlovers1UITests */ = {
			isa = PBXNativeTarget;
			buildConfigurationList = 79F59AB81DF7C4AB00C4352A /* Build configuration list for PBXNativeTarget "nkmlovers1UITests" */;
			buildPhases = (
				79F59AA51DF7C4AB00C4352A /* Sources */,
				79F59AA61DF7C4AB00C4352A /* Frameworks */,
				79F59AA71DF7C4AB00C4352A /* Resources */,
			);
			buildRules = (
			);
			dependencies = (
				79F59AAB1DF7C4AB00C4352A /* PBXTargetDependency */,
			);
			name = nkmlovers1UITests;
			productName = nkmlovers1UITests;
			productReference = 79F59AA91DF7C4AB00C4352A /* nkmlovers1UITests.xctest */;
			productType = "com.apple.product-type.bundle.ui-testing";
		};
/* End PBXNativeTarget section */

/* Begin PBXProject section */
		79F59A821DF7C4AB00C4352A /* Project object */ = {
			isa = PBXProject;
			attributes = {
				LastSwiftUpdateCheck = 0720;
				LastUpgradeCheck = 0720;
				ORGANIZATIONNAME = "Ibuki KAWAMITSU";
				TargetAttributes = {
					79F59A891DF7C4AB00C4352A = {
						CreatedOnToolsVersion = 7.2.1;
						DevelopmentTeam = ZW75LQK5FD;
					};
					79F59A9D1DF7C4AB00C4352A = {
						CreatedOnToolsVersion = 7.2.1;
						DevelopmentTeam = ZW75LQK5FD;
						TestTargetID = 79F59A891DF7C4AB00C4352A;
					};
					79F59AA81DF7C4AB00C4352A = {
						CreatedOnToolsVersion = 7.2.1;
						DevelopmentTeam = ZW75LQK5FD;
						TestTargetID = 79F59A891DF7C4AB00C4352A;
					};
				};
			};
			buildConfigurationList = 79F59A851DF7C4AB00C4352A /* Build configuration list for PBXProject "nkmlovers1" */;
			compatibilityVersion = "Xcode 3.2";
			developmentRegion = English;
			hasScannedForEncodings = 0;
			knownRegions = (
				en,
				Base,
			);
			mainGroup = 79F59A811DF7C4AB00C4352A;
			productRefGroup = 79F59A8B1DF7C4AB00C4352A /* Products */;
			projectDirPath = "";
			projectRoot = "";
			targets = (
				79F59A891DF7C4AB00C4352A /* nkmlovers1 */,
				79F59A9D1DF7C4AB00C4352A /* nkmlovers1Tests */,
				79F59AA81DF7C4AB00C4352A /* nkmlovers1UITests */,
			);
		};
/* End PBXProject section */

/* Begin PBXResourcesBuildPhase section */
		79F59A881DF7C4AB00C4352A /* Resources */ = {
			isa = PBXResourcesBuildPhase;
			buildActionMask = 2147483647;
			files = (
				79F59A981DF7C4AB00C4352A /* LaunchScreen.storyboard in Resources */,
				79F59A951DF7C4AB00C4352A /* Assets.xcassets in Resources */,
				79F59A931DF7C4AB00C4352A /* Main.storyboard in Resources */,
			);
			runOnlyForDeploymentPostprocessing = 0;
		};
		79F59A9C1DF7C4AB00C4352A /* Resources */ = {
			isa = PBXResourcesBuildPhase;
			buildActionMask = 2147483647;
			files = (
			);
			runOnlyForDeploymentPostprocessing = 0;
		};
		79F59AA71DF7C4AB00C4352A /* Resources */ = {
			isa = PBXResourcesBuildPhase;
			buildActionMask = 2147483647;
			files = (
			);
			runOnlyForDeploymentPostprocessing = 0;
		};
/* End PBXResourcesBuildPhase section */

/* Begin PBXSourcesBuildPhase section */
		79F59A861DF7C4AB00C4352A /* Sources */ = {
			isa = PBXSourcesBuildPhase;
			buildActionMask = 2147483647;
			files = (
				79F59A901DF7C4AB00C4352A /* ViewController.swift in Sources */,
				79F59A8E1DF7C4AB00C4352A /* AppDelegate.swift in Sources */,
			);
			runOnlyForDeploymentPostprocessing = 0;
		};
		79F59A9A1DF7C4AB00C4352A /* Sources */ = {
			isa = PBXSourcesBuildPhase;
			buildActionMask = 2147483647;
			files = (
				79F59AA31DF7C4AB00C4352A /* nkmlovers1Tests.swift in Sources */,
			);
			runOnlyForDeploymentPostprocessing = 0;
		};
		79F59AA51DF7C4AB00C4352A /* Sources */ = {
			isa = PBXSourcesBuildPhase;
			buildActionMask = 2147483647;
			files = (
				79F59AAE1DF7C4AB00C4352A /* nkmlovers1UITests.swift in Sources */,
			);
			runOnlyForDeploymentPostprocessing = 0;
		};
/* End PBXSourcesBuildPhase section */

/* Begin PBXTargetDependency section */
		79F59AA01DF7C4AB00C4352A /* PBXTargetDependency */ = {
			isa = PBXTargetDependency;
			target = 79F59A891DF7C4AB00C4352A /* nkmlovers1 */;
			targetProxy = 79F59A9F1DF7C4AB00C4352A /* PBXContainerItemProxy */;
		};
		79F59AAB1DF7C4AB00C4352A /* PBXTargetDependency */ = {
			isa = PBXTargetDependency;
			target = 79F59A891DF7C4AB00C4352A /* nkmlovers1 */;
			targetProxy = 79F59AAA1DF7C4AB00C4352A /* PBXContainerItemProxy */;
		};
/* End PBXTargetDependency section */

/* Begin PBXVariantGroup section */
		79F59A911DF7C4AB00C4352A /* Main.storyboard */ = {
			isa = PBXVariantGroup;
			children = (
				79F59A921DF7C4AB00C4352A /* Base */,
			);
			name = Main.storyboard;
			sourceTree = "<group>";
		};
		79F59A961DF7C4AB00C4352A /* LaunchScreen.storyboard */ = {
			isa = PBXVariantGroup;
			children = (
				79F59A971DF7C4AB00C4352A /* Base */,
			);
			name = LaunchScreen.storyboard;
			sourceTree = "<group>";
		};
/* End PBXVariantGroup section */

/* Begin XCBuildConfiguration section */
		79F59AB01DF7C4AB00C4352A /* Debug */ = {
			isa = XCBuildConfiguration;
			buildSettings = {
				ALWAYS_SEARCH_USER_PATHS = NO;
				CLANG_CXX_LANGUAGE_STANDARD = "gnu++0x";
				CLANG_CXX_LIBRARY = "libc++";
				CLANG_ENABLE_MODULES = YES;
				CLANG_ENABLE_OBJC_ARC = YES;
				CLANG_WARN_BOOL_CONVERSION = YES;
				CLANG_WARN_CONSTANT_CONVERSION = YES;
				CLANG_WARN_DIRECT_OBJC_ISA_USAGE = YES_ERROR;
				CLANG_WARN_EMPTY_BODY = YES;
				CLANG_WARN_ENUM_CONVERSION = YES;
				CLANG_WARN_INT_CONVERSION = YES;
				CLANG_WARN_OBJC_ROOT_CLASS = YES_ERROR;
				CLANG_WARN_UNREACHABLE_CODE = YES;
				CLANG_WARN__DUPLICATE_METHOD_MATCH = YES;
				"CODE_SIGN_IDENTITY[sdk=iphoneos*]" = "iPhone Developer";
				COPY_PHASE_STRIP = NO;
				DEBUG_INFORMATION_FORMAT = dwarf;
				ENABLE_STRICT_OBJC_MSGSEND = YES;
				ENABLE_TESTABILITY = YES;
				GCC_C_LANGUAGE_STANDARD = gnu99;
				GCC_DYNAMIC_NO_PIC = NO;
				GCC_NO_COMMON_BLOCKS = YES;
				GCC_OPTIMIZATION_LEVEL = 0;
				GCC_PREPROCESSOR_DEFINITIONS = (
					"DEBUG=1",
					"$(inherited)",
				);
				GCC_WARN_64_TO_32_BIT_CONVERSION = YES;
				GCC_WARN_ABOUT_RETURN_TYPE = YES_ERROR;
				GCC_WARN_UNDECLARED_SELECTOR = YES;
				GCC_WARN_UNINITIALIZED_AUTOS = YES_AGGRESSIVE;
				GCC_WARN_UNUSED_FUNCTION = YES;
				GCC_WARN_UNUSED_VARIABLE = YES;
				IPHONEOS_DEPLOYMENT_TARGET = 9.2;
				MTL_ENABLE_DEBUG_INFO = YES;
				ONLY_ACTIVE_ARCH = YES;
				SDKROOT = iphoneos;
				SWIFT_OPTIMIZATION_LEVEL = "-Onone";
				TARGETED_DEVICE_FAMILY = "1,2";
			};
			name = Debug;
		};
		79F59AB11DF7C4AB00C4352A /* Release */ = {
			isa = XCBuildConfiguration;
			buildSettings = {
				ALWAYS_SEARCH_USER_PATHS = NO;
				CLANG_CXX_LANGUAGE_STANDARD = "gnu++0x";
				CLANG_CXX_LIBRARY = "libc++";
				CLANG_ENABLE_MODULES = YES;
				CLANG_ENABLE_OBJC_ARC = YES;
				CLANG_WARN_BOOL_CONVERSION = YES;
				CLANG_WARN_CONSTANT_CONVERSION = YES;
				CLANG_WARN_DIRECT_OBJC_ISA_USAGE = YES_ERROR;
				CLANG_WARN_EMPTY_BODY = YES;
				CLANG_WARN_ENUM_CONVERSION = YES;
				CLANG_WARN_INT_CONVERSION = YES;
				CLANG_WARN_OBJC_ROOT_CLASS = YES_ERROR;
				CLANG_WARN_UNREACHABLE_CODE = YES;
				CLANG_WARN__DUPLICATE_METHOD_MATCH = YES;
				"CODE_SIGN_IDENTITY[sdk=iphoneos*]" = "iPhone Developer";
				COPY_PHASE_STRIP = NO;
				DEBUG_INFORMATION_FORMAT = "dwarf-with-dsym";
				ENABLE_NS_ASSERTIONS = NO;
				ENABLE_STRICT_OBJC_MSGSEND = YES;
				GCC_C_LANGUAGE_STANDARD = gnu99;
				GCC_NO_COMMON_BLOCKS = YES;
				GCC_WARN_64_TO_32_BIT_CONVERSION = YES;
				GCC_WARN_ABOUT_RETURN_TYPE = YES_ERROR;
				GCC_WARN_UNDECLARED_SELECTOR = YES;
				GCC_WARN_UNINITIALIZED_AUTOS = YES_AGGRESSIVE;
				GCC_WARN_UNUSED_FUNCTION = YES;
				GCC_WARN_UNUSED_VARIABLE = YES;
				IPHONEOS_DEPLOYMENT_TARGET = 9.2;
				MTL_ENABLE_DEBUG_INFO = NO;
				SDKROOT = iphoneos;
				TARGETED_DEVICE_FAMILY = "1,2";
				VALIDATE_PRODUCT = YES;
			};
			name = Release;
		};
		79F59AB31DF7C4AB00C4352A /* Debug */ = {
			isa = XCBuildConfiguration;
			buildSettings = {
				ASSETCATALOG_COMPILER_APPICON_NAME = AppIcon;
				INFOPLIST_FILE = nkmlovers1/Info.plist;
				LD_RUNPATH_SEARCH_PATHS = "$(inherited) @executable_path/Frameworks";
				PRODUCT_BUNDLE_IDENTIFIER = "Univ-of-the-Ryukyus.nkmlovers1";
				PRODUCT_NAME = "$(TARGET_NAME)";
			};
			name = Debug;
		};
		79F59AB41DF7C4AB00C4352A /* Release */ = {
			isa = XCBuildConfiguration;
			buildSettings = {
				ASSETCATALOG_COMPILER_APPICON_NAME = AppIcon;
				INFOPLIST_FILE = nkmlovers1/Info.plist;
				LD_RUNPATH_SEARCH_PATHS = "$(inherited) @executable_path/Frameworks";
				PRODUCT_BUNDLE_IDENTIFIER = "Univ-of-the-Ryukyus.nkmlovers1";
				PRODUCT_NAME = "$(TARGET_NAME)";
			};
			name = Release;
		};
		79F59AB61DF7C4AB00C4352A /* Debug */ = {
			isa = XCBuildConfiguration;
			buildSettings = {
				BUNDLE_LOADER = "$(TEST_HOST)";
				INFOPLIST_FILE = nkmlovers1Tests/Info.plist;
				LD_RUNPATH_SEARCH_PATHS = "$(inherited) @executable_path/Frameworks @loader_path/Frameworks";
				PRODUCT_BUNDLE_IDENTIFIER = "Univ-of-the-Ryukyus.nkmlovers1Tests";
				PRODUCT_NAME = "$(TARGET_NAME)";
				TEST_HOST = "$(BUILT_PRODUCTS_DIR)/nkmlovers1.app/nkmlovers1";
			};
			name = Debug;
		};
		79F59AB71DF7C4AB00C4352A /* Release */ = {
			isa = XCBuildConfiguration;
			buildSettings = {
				BUNDLE_LOADER = "$(TEST_HOST)";
				INFOPLIST_FILE = nkmlovers1Tests/Info.plist;
				LD_RUNPATH_SEARCH_PATHS = "$(inherited) @executable_path/Frameworks @loader_path/Frameworks";
				PRODUCT_BUNDLE_IDENTIFIER = "Univ-of-the-Ryukyus.nkmlovers1Tests";
				PRODUCT_NAME = "$(TARGET_NAME)";
				TEST_HOST = "$(BUILT_PRODUCTS_DIR)/nkmlovers1.app/nkmlovers1";
			};
			name = Release;
		};
		79F59AB91DF7C4AB00C4352A /* Debug */ = {
			isa = XCBuildConfiguration;
			buildSettings = {
				INFOPLIST_FILE = nkmlovers1UITests/Info.plist;
				LD_RUNPATH_SEARCH_PATHS = "$(inherited) @executable_path/Frameworks @loader_path/Frameworks";
				PRODUCT_BUNDLE_IDENTIFIER = "Univ-of-the-Ryukyus.nkmlovers1UITests";
				PRODUCT_NAME = "$(TARGET_NAME)";
				TEST_TARGET_NAME = nkmlovers1;
				USES_XCTRUNNER = YES;
			};
			name = Debug;
		};
		79F59ABA1DF7C4AB00C4352A /* Release */ = {
			isa = XCBuildConfiguration;
			buildSettings = {
				INFOPLIST_FILE = nkmlovers1UITests/Info.plist;
				LD_RUNPATH_SEARCH_PATHS = "$(inherited) @executable_path/Frameworks @loader_path/Frameworks";
				PRODUCT_BUNDLE_IDENTIFIER = "Univ-of-the-Ryukyus.nkmlovers1UITests";
				PRODUCT_NAME = "$(TARGET_NAME)";
				TEST_TARGET_NAME = nkmlovers1;
				USES_XCTRUNNER = YES;
			};
			name = Release;
		};
/* End XCBuildConfiguration section */

/* Begin XCConfigurationList section */
		79F59A851DF7C4AB00C4352A /* Build configuration list for PBXProject "nkmlovers1" */ = {
			isa = XCConfigurationList;
			buildConfigurations = (
				79F59AB01DF7C4AB00C4352A /* Debug */,
				79F59AB11DF7C4AB00C4352A /* Release */,
			);
			defaultConfigurationIsVisible = 0;
			defaultConfigurationName = Release;
		};
		79F59AB21DF7C4AB00C4352A /* Build configuration list for PBXNativeTarget "nkmlovers1" */ = {
			isa = XCConfigurationList;
			buildConfigurations = (
				79F59AB31DF7C4AB00C4352A /* Debug */,
				79F59AB41DF7C4AB00C4352A /* Release */,
			);
			defaultConfigurationIsVisible = 0;
		};
		79F59AB51DF7C4AB00C4352A /* Build configuration list for PBXNativeTarget "nkmlovers1Tests" */ = {
			isa = XCConfigurationList;
			buildConfigurations = (
				79F59AB61DF7C4AB00C4352A /* Debug */,
				79F59AB71DF7C4AB00C4352A /* Release */,
			);
			defaultConfigurationIsVisible = 0;
		};
		79F59AB81DF7C4AB00C4352A /* Build configuration list for PBXNativeTarget "nkmlovers1UITests" */ = {
			isa = XCConfigurationList;
			buildConfigurations = (
				79F59AB91DF7C4AB00C4352A /* Debug */,
				79F59ABA1DF7C4AB00C4352A /* Release */,
			);
			defaultConfigurationIsVisible = 0;
		};
/* End XCConfigurationList section */
	};
	rootObject = 79F59A821DF7C4AB00C4352A /* Project object */;
}
