// !$*UTF8*$!
{
	archiveVersion = 1;
	classes = {
	};
	objectVersion = 46;
	objects = {

/* Begin PBXBuildFile section */
		DC2F6E251E31C79A00AE2128 /* AppDelegate.swift in Sources */ = {isa = PBXBuildFile; fileRef = DC2F6E241E31C79A00AE2128 /* AppDelegate.swift */; };
		DC2F6E271E31C79A00AE2128 /* ViewController.swift in Sources */ = {isa = PBXBuildFile; fileRef = DC2F6E261E31C79A00AE2128 /* ViewController.swift */; };
		DC2F6E2A1E31C79A00AE2128 /* Main.storyboard in Resources */ = {isa = PBXBuildFile; fileRef = DC2F6E281E31C79A00AE2128 /* Main.storyboard */; };
		DC2F6E2C1E31C79A00AE2128 /* Assets.xcassets in Resources */ = {isa = PBXBuildFile; fileRef = DC2F6E2B1E31C79A00AE2128 /* Assets.xcassets */; };
		DC2F6E2F1E31C79A00AE2128 /* LaunchScreen.storyboard in Resources */ = {isa = PBXBuildFile; fileRef = DC2F6E2D1E31C79A00AE2128 /* LaunchScreen.storyboard */; };
		DC2F6E3A1E31C79A00AE2128 /* nkmlovers_calenderTests.swift in Sources */ = {isa = PBXBuildFile; fileRef = DC2F6E391E31C79A00AE2128 /* nkmlovers_calenderTests.swift */; };
		DC2F6E451E31C79A00AE2128 /* nkmlovers_calenderUITests.swift in Sources */ = {isa = PBXBuildFile; fileRef = DC2F6E441E31C79A00AE2128 /* nkmlovers_calenderUITests.swift */; };
		DC2F6E531E31C7BF00AE2128 /* DateManager.swift in Sources */ = {isa = PBXBuildFile; fileRef = DC2F6E521E31C7BF00AE2128 /* DateManager.swift */; };
		DC2F6E551E31C7CE00AE2128 /* calenderCell.swift in Sources */ = {isa = PBXBuildFile; fileRef = DC2F6E541E31C7CE00AE2128 /* calenderCell.swift */; };
/* End PBXBuildFile section */

/* Begin PBXContainerItemProxy section */
		DC2F6E361E31C79A00AE2128 /* PBXContainerItemProxy */ = {
			isa = PBXContainerItemProxy;
			containerPortal = DC2F6E191E31C79A00AE2128 /* Project object */;
			proxyType = 1;
			remoteGlobalIDString = DC2F6E201E31C79A00AE2128;
			remoteInfo = nkmlovers_calender;
		};
		DC2F6E411E31C79A00AE2128 /* PBXContainerItemProxy */ = {
			isa = PBXContainerItemProxy;
			containerPortal = DC2F6E191E31C79A00AE2128 /* Project object */;
			proxyType = 1;
			remoteGlobalIDString = DC2F6E201E31C79A00AE2128;
			remoteInfo = nkmlovers_calender;
		};
/* End PBXContainerItemProxy section */

/* Begin PBXFileReference section */
		DC2F6E211E31C79A00AE2128 /* nkmlovers_calender.app */ = {isa = PBXFileReference; explicitFileType = wrapper.application; includeInIndex = 0; path = nkmlovers_calender.app; sourceTree = BUILT_PRODUCTS_DIR; };
		DC2F6E241E31C79A00AE2128 /* AppDelegate.swift */ = {isa = PBXFileReference; lastKnownFileType = sourcecode.swift; path = AppDelegate.swift; sourceTree = "<group>"; };
		DC2F6E261E31C79A00AE2128 /* ViewController.swift */ = {isa = PBXFileReference; lastKnownFileType = sourcecode.swift; path = ViewController.swift; sourceTree = "<group>"; };
		DC2F6E291E31C79A00AE2128 /* Base */ = {isa = PBXFileReference; lastKnownFileType = file.storyboard; name = Base; path = Base.lproj/Main.storyboard; sourceTree = "<group>"; };
		DC2F6E2B1E31C79A00AE2128 /* Assets.xcassets */ = {isa = PBXFileReference; lastKnownFileType = folder.assetcatalog; path = Assets.xcassets; sourceTree = "<group>"; };
		DC2F6E2E1E31C79A00AE2128 /* Base */ = {isa = PBXFileReference; lastKnownFileType = file.storyboard; name = Base; path = Base.lproj/LaunchScreen.storyboard; sourceTree = "<group>"; };
		DC2F6E301E31C79A00AE2128 /* Info.plist */ = {isa = PBXFileReference; lastKnownFileType = text.plist.xml; path = Info.plist; sourceTree = "<group>"; };
		DC2F6E351E31C79A00AE2128 /* nkmlovers_calenderTests.xctest */ = {isa = PBXFileReference; explicitFileType = wrapper.cfbundle; includeInIndex = 0; path = nkmlovers_calenderTests.xctest; sourceTree = BUILT_PRODUCTS_DIR; };
		DC2F6E391E31C79A00AE2128 /* nkmlovers_calenderTests.swift */ = {isa = PBXFileReference; lastKnownFileType = sourcecode.swift; path = nkmlovers_calenderTests.swift; sourceTree = "<group>"; };
		DC2F6E3B1E31C79A00AE2128 /* Info.plist */ = {isa = PBXFileReference; lastKnownFileType = text.plist.xml; path = Info.plist; sourceTree = "<group>"; };
		DC2F6E401E31C79A00AE2128 /* nkmlovers_calenderUITests.xctest */ = {isa = PBXFileReference; explicitFileType = wrapper.cfbundle; includeInIndex = 0; path = nkmlovers_calenderUITests.xctest; sourceTree = BUILT_PRODUCTS_DIR; };
		DC2F6E441E31C79A00AE2128 /* nkmlovers_calenderUITests.swift */ = {isa = PBXFileReference; lastKnownFileType = sourcecode.swift; path = nkmlovers_calenderUITests.swift; sourceTree = "<group>"; };
		DC2F6E461E31C79A00AE2128 /* Info.plist */ = {isa = PBXFileReference; lastKnownFileType = text.plist.xml; path = Info.plist; sourceTree = "<group>"; };
		DC2F6E521E31C7BF00AE2128 /* DateManager.swift */ = {isa = PBXFileReference; fileEncoding = 4; lastKnownFileType = sourcecode.swift; path = DateManager.swift; sourceTree = "<group>"; };
		DC2F6E541E31C7CE00AE2128 /* calenderCell.swift */ = {isa = PBXFileReference; fileEncoding = 4; lastKnownFileType = sourcecode.swift; path = calenderCell.swift; sourceTree = "<group>"; };
/* End PBXFileReference section */

/* Begin PBXFrameworksBuildPhase section */
		DC2F6E1E1E31C79A00AE2128 /* Frameworks */ = {
			isa = PBXFrameworksBuildPhase;
			buildActionMask = 2147483647;
			files = (
			);
			runOnlyForDeploymentPostprocessing = 0;
		};
		DC2F6E321E31C79A00AE2128 /* Frameworks */ = {
			isa = PBXFrameworksBuildPhase;
			buildActionMask = 2147483647;
			files = (
			);
			runOnlyForDeploymentPostprocessing = 0;
		};
		DC2F6E3D1E31C79A00AE2128 /* Frameworks */ = {
			isa = PBXFrameworksBuildPhase;
			buildActionMask = 2147483647;
			files = (
			);
			runOnlyForDeploymentPostprocessing = 0;
		};
/* End PBXFrameworksBuildPhase section */

/* Begin PBXGroup section */
		DC2F6E181E31C79A00AE2128 = {
			isa = PBXGroup;
			children = (
				DC2F6E231E31C79A00AE2128 /* nkmlovers_calender */,
				DC2F6E381E31C79A00AE2128 /* nkmlovers_calenderTests */,
				DC2F6E431E31C79A00AE2128 /* nkmlovers_calenderUITests */,
				DC2F6E221E31C79A00AE2128 /* Products */,
			);
			sourceTree = "<group>";
		};
		DC2F6E221E31C79A00AE2128 /* Products */ = {
			isa = PBXGroup;
			children = (
				DC2F6E211E31C79A00AE2128 /* nkmlovers_calender.app */,
				DC2F6E351E31C79A00AE2128 /* nkmlovers_calenderTests.xctest */,
				DC2F6E401E31C79A00AE2128 /* nkmlovers_calenderUITests.xctest */,
			);
			name = Products;
			sourceTree = "<group>";
		};
		DC2F6E231E31C79A00AE2128 /* nkmlovers_calender */ = {
			isa = PBXGroup;
			children = (
				DC2F6E241E31C79A00AE2128 /* AppDelegate.swift */,
				DC2F6E261E31C79A00AE2128 /* ViewController.swift */,
				DC2F6E281E31C79A00AE2128 /* Main.storyboard */,
				DC2F6E521E31C7BF00AE2128 /* DateManager.swift */,
				DC2F6E541E31C7CE00AE2128 /* calenderCell.swift */,
				DC2F6E2B1E31C79A00AE2128 /* Assets.xcassets */,
				DC2F6E2D1E31C79A00AE2128 /* LaunchScreen.storyboard */,
				DC2F6E301E31C79A00AE2128 /* Info.plist */,
			);
			path = nkmlovers_calender;
			sourceTree = "<group>";
		};
		DC2F6E381E31C79A00AE2128 /* nkmlovers_calenderTests */ = {
			isa = PBXGroup;
			children = (
				DC2F6E391E31C79A00AE2128 /* nkmlovers_calenderTests.swift */,
				DC2F6E3B1E31C79A00AE2128 /* Info.plist */,
			);
			path = nkmlovers_calenderTests;
			sourceTree = "<group>";
		};
		DC2F6E431E31C79A00AE2128 /* nkmlovers_calenderUITests */ = {
			isa = PBXGroup;
			children = (
				DC2F6E441E31C79A00AE2128 /* nkmlovers_calenderUITests.swift */,
				DC2F6E461E31C79A00AE2128 /* Info.plist */,
			);
			path = nkmlovers_calenderUITests;
			sourceTree = "<group>";
		};
/* End PBXGroup section */

/* Begin PBXNativeTarget section */
		DC2F6E201E31C79A00AE2128 /* nkmlovers_calender */ = {
			isa = PBXNativeTarget;
			buildConfigurationList = DC2F6E491E31C79A00AE2128 /* Build configuration list for PBXNativeTarget "nkmlovers_calender" */;
			buildPhases = (
				DC2F6E1D1E31C79A00AE2128 /* Sources */,
				DC2F6E1E1E31C79A00AE2128 /* Frameworks */,
				DC2F6E1F1E31C79A00AE2128 /* Resources */,
			);
			buildRules = (
			);
			dependencies = (
			);
			name = nkmlovers_calender;
			productName = nkmlovers_calender;
			productReference = DC2F6E211E31C79A00AE2128 /* nkmlovers_calender.app */;
			productType = "com.apple.product-type.application";
		};
		DC2F6E341E31C79A00AE2128 /* nkmlovers_calenderTests */ = {
			isa = PBXNativeTarget;
			buildConfigurationList = DC2F6E4C1E31C79A00AE2128 /* Build configuration list for PBXNativeTarget "nkmlovers_calenderTests" */;
			buildPhases = (
				DC2F6E311E31C79A00AE2128 /* Sources */,
				DC2F6E321E31C79A00AE2128 /* Frameworks */,
				DC2F6E331E31C79A00AE2128 /* Resources */,
			);
			buildRules = (
			);
			dependencies = (
				DC2F6E371E31C79A00AE2128 /* PBXTargetDependency */,
			);
			name = nkmlovers_calenderTests;
			productName = nkmlovers_calenderTests;
			productReference = DC2F6E351E31C79A00AE2128 /* nkmlovers_calenderTests.xctest */;
			productType = "com.apple.product-type.bundle.unit-test";
		};
		DC2F6E3F1E31C79A00AE2128 /* nkmlovers_calenderUITests */ = {
			isa = PBXNativeTarget;
			buildConfigurationList = DC2F6E4F1E31C79A00AE2128 /* Build configuration list for PBXNativeTarget "nkmlovers_calenderUITests" */;
			buildPhases = (
				DC2F6E3C1E31C79A00AE2128 /* Sources */,
				DC2F6E3D1E31C79A00AE2128 /* Frameworks */,
				DC2F6E3E1E31C79A00AE2128 /* Resources */,
			);
			buildRules = (
			);
			dependencies = (
				DC2F6E421E31C79A00AE2128 /* PBXTargetDependency */,
			);
			name = nkmlovers_calenderUITests;
			productName = nkmlovers_calenderUITests;
			productReference = DC2F6E401E31C79A00AE2128 /* nkmlovers_calenderUITests.xctest */;
			productType = "com.apple.product-type.bundle.ui-testing";
		};
/* End PBXNativeTarget section */

/* Begin PBXProject section */
		DC2F6E191E31C79A00AE2128 /* Project object */ = {
			isa = PBXProject;
			attributes = {
				LastSwiftUpdateCheck = 0720;
				LastUpgradeCheck = 0720;
				ORGANIZATIONNAME = hoge;
				TargetAttributes = {
					DC2F6E201E31C79A00AE2128 = {
						CreatedOnToolsVersion = 7.2.1;
						DevelopmentTeam = NE799K4AZN;
					};
					DC2F6E341E31C79A00AE2128 = {
						CreatedOnToolsVersion = 7.2.1;
						TestTargetID = DC2F6E201E31C79A00AE2128;
					};
					DC2F6E3F1E31C79A00AE2128 = {
						CreatedOnToolsVersion = 7.2.1;
						TestTargetID = DC2F6E201E31C79A00AE2128;
					};
				};
			};
			buildConfigurationList = DC2F6E1C1E31C79A00AE2128 /* Build configuration list for PBXProject "nkmlovers_calender" */;
			compatibilityVersion = "Xcode 3.2";
			developmentRegion = English;
			hasScannedForEncodings = 0;
			knownRegions = (
				en,
				Base,
			);
			mainGroup = DC2F6E181E31C79A00AE2128;
			productRefGroup = DC2F6E221E31C79A00AE2128 /* Products */;
			projectDirPath = "";
			projectRoot = "";
			targets = (
				DC2F6E201E31C79A00AE2128 /* nkmlovers_calender */,
				DC2F6E341E31C79A00AE2128 /* nkmlovers_calenderTests */,
				DC2F6E3F1E31C79A00AE2128 /* nkmlovers_calenderUITests */,
			);
		};
/* End PBXProject section */

/* Begin PBXResourcesBuildPhase section */
		DC2F6E1F1E31C79A00AE2128 /* Resources */ = {
			isa = PBXResourcesBuildPhase;
			buildActionMask = 2147483647;
			files = (
				DC2F6E2F1E31C79A00AE2128 /* LaunchScreen.storyboard in Resources */,
				DC2F6E2C1E31C79A00AE2128 /* Assets.xcassets in Resources */,
				DC2F6E2A1E31C79A00AE2128 /* Main.storyboard in Resources */,
			);
			runOnlyForDeploymentPostprocessing = 0;
		};
		DC2F6E331E31C79A00AE2128 /* Resources */ = {
			isa = PBXResourcesBuildPhase;
			buildActionMask = 2147483647;
			files = (
			);
			runOnlyForDeploymentPostprocessing = 0;
		};
		DC2F6E3E1E31C79A00AE2128 /* Resources */ = {
			isa = PBXResourcesBuildPhase;
			buildActionMask = 2147483647;
			files = (
			);
			runOnlyForDeploymentPostprocessing = 0;
		};
/* End PBXResourcesBuildPhase section */

/* Begin PBXSourcesBuildPhase section */
		DC2F6E1D1E31C79A00AE2128 /* Sources */ = {
			isa = PBXSourcesBuildPhase;
			buildActionMask = 2147483647;
			files = (
				DC2F6E271E31C79A00AE2128 /* ViewController.swift in Sources */,
				DC2F6E251E31C79A00AE2128 /* AppDelegate.swift in Sources */,
				DC2F6E531E31C7BF00AE2128 /* DateManager.swift in Sources */,
				DC2F6E551E31C7CE00AE2128 /* calenderCell.swift in Sources */,
			);
			runOnlyForDeploymentPostprocessing = 0;
		};
		DC2F6E311E31C79A00AE2128 /* Sources */ = {
			isa = PBXSourcesBuildPhase;
			buildActionMask = 2147483647;
			files = (
				DC2F6E3A1E31C79A00AE2128 /* nkmlovers_calenderTests.swift in Sources */,
			);
			runOnlyForDeploymentPostprocessing = 0;
		};
		DC2F6E3C1E31C79A00AE2128 /* Sources */ = {
			isa = PBXSourcesBuildPhase;
			buildActionMask = 2147483647;
			files = (
				DC2F6E451E31C79A00AE2128 /* nkmlovers_calenderUITests.swift in Sources */,
			);
			runOnlyForDeploymentPostprocessing = 0;
		};
/* End PBXSourcesBuildPhase section */

/* Begin PBXTargetDependency section */
		DC2F6E371E31C79A00AE2128 /* PBXTargetDependency */ = {
			isa = PBXTargetDependency;
			target = DC2F6E201E31C79A00AE2128 /* nkmlovers_calender */;
			targetProxy = DC2F6E361E31C79A00AE2128 /* PBXContainerItemProxy */;
		};
		DC2F6E421E31C79A00AE2128 /* PBXTargetDependency */ = {
			isa = PBXTargetDependency;
			target = DC2F6E201E31C79A00AE2128 /* nkmlovers_calender */;
			targetProxy = DC2F6E411E31C79A00AE2128 /* PBXContainerItemProxy */;
		};
/* End PBXTargetDependency section */

/* Begin PBXVariantGroup section */
		DC2F6E281E31C79A00AE2128 /* Main.storyboard */ = {
			isa = PBXVariantGroup;
			children = (
				DC2F6E291E31C79A00AE2128 /* Base */,
			);
			name = Main.storyboard;
			sourceTree = "<group>";
		};
		DC2F6E2D1E31C79A00AE2128 /* LaunchScreen.storyboard */ = {
			isa = PBXVariantGroup;
			children = (
				DC2F6E2E1E31C79A00AE2128 /* Base */,
			);
			name = LaunchScreen.storyboard;
			sourceTree = "<group>";
		};
/* End PBXVariantGroup section */

/* Begin XCBuildConfiguration section */
		DC2F6E471E31C79A00AE2128 /* Debug */ = {
			isa = XCBuildConfiguration;
			buildSettings = {
				ALWAYS_SEARCH_USER_PATHS = NO;
				CLANG_CXX_LANGUAGE_STANDARD = "gnu++0x";
				CLANG_CXX_LIBRARY = "libc++";
				CLANG_ENABLE_MODULES = YES;
				CLANG_ENABLE_OBJC_ARC = YES;
				CLANG_WARN_BOOL_CONVERSION = YES;
				CLANG_WARN_CONSTANT_CONVERSION = YES;
				CLANG_WARN_DIRECT_OBJC_ISA_USAGE = YES_ERROR;
				CLANG_WARN_EMPTY_BODY = YES;
				CLANG_WARN_ENUM_CONVERSION = YES;
				CLANG_WARN_INT_CONVERSION = YES;
				CLANG_WARN_OBJC_ROOT_CLASS = YES_ERROR;
				CLANG_WARN_UNREACHABLE_CODE = YES;
				CLANG_WARN__DUPLICATE_METHOD_MATCH = YES;
				"CODE_SIGN_IDENTITY[sdk=iphoneos*]" = "iPhone Developer";
				COPY_PHASE_STRIP = NO;
				DEBUG_INFORMATION_FORMAT = dwarf;
				ENABLE_STRICT_OBJC_MSGSEND = YES;
				ENABLE_TESTABILITY = YES;
				GCC_C_LANGUAGE_STANDARD = gnu99;
				GCC_DYNAMIC_NO_PIC = NO;
				GCC_NO_COMMON_BLOCKS = YES;
				GCC_OPTIMIZATION_LEVEL = 0;
				GCC_PREPROCESSOR_DEFINITIONS = (
					"DEBUG=1",
					"$(inherited)",
				);
				GCC_WARN_64_TO_32_BIT_CONVERSION = YES;
				GCC_WARN_ABOUT_RETURN_TYPE = YES_ERROR;
				GCC_WARN_UNDECLARED_SELECTOR = YES;
				GCC_WARN_UNINITIALIZED_AUTOS = YES_AGGRESSIVE;
				GCC_WARN_UNUSED_FUNCTION = YES;
				GCC_WARN_UNUSED_VARIABLE = YES;
				IPHONEOS_DEPLOYMENT_TARGET = 9.2;
				MTL_ENABLE_DEBUG_INFO = YES;
				ONLY_ACTIVE_ARCH = YES;
				SDKROOT = iphoneos;
				SWIFT_OPTIMIZATION_LEVEL = "-Onone";
			};
			name = Debug;
		};
		DC2F6E481E31C79A00AE2128 /* Release */ = {
			isa = XCBuildConfiguration;
			buildSettings = {
				ALWAYS_SEARCH_USER_PATHS = NO;
				CLANG_CXX_LANGUAGE_STANDARD = "gnu++0x";
				CLANG_CXX_LIBRARY = "libc++";
				CLANG_ENABLE_MODULES = YES;
				CLANG_ENABLE_OBJC_ARC = YES;
				CLANG_WARN_BOOL_CONVERSION = YES;
				CLANG_WARN_CONSTANT_CONVERSION = YES;
				CLANG_WARN_DIRECT_OBJC_ISA_USAGE = YES_ERROR;
				CLANG_WARN_EMPTY_BODY = YES;
				CLANG_WARN_ENUM_CONVERSION = YES;
				CLANG_WARN_INT_CONVERSION = YES;
				CLANG_WARN_OBJC_ROOT_CLASS = YES_ERROR;
				CLANG_WARN_UNREACHABLE_CODE = YES;
				CLANG_WARN__DUPLICATE_METHOD_MATCH = YES;
				"CODE_SIGN_IDENTITY[sdk=iphoneos*]" = "iPhone Developer";
				COPY_PHASE_STRIP = NO;
				DEBUG_INFORMATION_FORMAT = "dwarf-with-dsym";
				ENABLE_NS_ASSERTIONS = NO;
				ENABLE_STRICT_OBJC_MSGSEND = YES;
				GCC_C_LANGUAGE_STANDARD = gnu99;
				GCC_NO_COMMON_BLOCKS = YES;
				GCC_WARN_64_TO_32_BIT_CONVERSION = YES;
				GCC_WARN_ABOUT_RETURN_TYPE = YES_ERROR;
				GCC_WARN_UNDECLARED_SELECTOR = YES;
				GCC_WARN_UNINITIALIZED_AUTOS = YES_AGGRESSIVE;
				GCC_WARN_UNUSED_FUNCTION = YES;
				GCC_WARN_UNUSED_VARIABLE = YES;
				IPHONEOS_DEPLOYMENT_TARGET = 9.2;
				MTL_ENABLE_DEBUG_INFO = NO;
				SDKROOT = iphoneos;
				VALIDATE_PRODUCT = YES;
			};
			name = Release;
		};
		DC2F6E4A1E31C79A00AE2128 /* Debug */ = {
			isa = XCBuildConfiguration;
			buildSettings = {
				ASSETCATALOG_COMPILER_APPICON_NAME = AppIcon;
				CODE_SIGN_IDENTITY = "iPhone Developer";
				"CODE_SIGN_IDENTITY[sdk=iphoneos*]" = "iPhone Developer";
				INFOPLIST_FILE = nkmlovers_calender/Info.plist;
				LD_RUNPATH_SEARCH_PATHS = "$(inherited) @executable_path/Frameworks";
				PRODUCT_BUNDLE_IDENTIFIER = "modelinghoge.nkmlovers-calender";
				PRODUCT_NAME = "$(TARGET_NAME)";
				PROVISIONING_PROFILE = "";
			};
			name = Debug;
		};
		DC2F6E4B1E31C79A00AE2128 /* Release */ = {
			isa = XCBuildConfiguration;
			buildSettings = {
				ASSETCATALOG_COMPILER_APPICON_NAME = AppIcon;
				CODE_SIGN_IDENTITY = "iPhone Developer";
				"CODE_SIGN_IDENTITY[sdk=iphoneos*]" = "iPhone Developer";
				INFOPLIST_FILE = nkmlovers_calender/Info.plist;
				LD_RUNPATH_SEARCH_PATHS = "$(inherited) @executable_path/Frameworks";
				PRODUCT_BUNDLE_IDENTIFIER = "modelinghoge.nkmlovers-calender";
				PRODUCT_NAME = "$(TARGET_NAME)";
				PROVISIONING_PROFILE = "";
			};
			name = Release;
		};
		DC2F6E4D1E31C79A00AE2128 /* Debug */ = {
			isa = XCBuildConfiguration;
			buildSettings = {
				BUNDLE_LOADER = "$(TEST_HOST)";
				INFOPLIST_FILE = nkmlovers_calenderTests/Info.plist;
				LD_RUNPATH_SEARCH_PATHS = "$(inherited) @executable_path/Frameworks @loader_path/Frameworks";
				PRODUCT_BUNDLE_IDENTIFIER = "modelinghoge.nkmlovers-calenderTests";
				PRODUCT_NAME = "$(TARGET_NAME)";
				TEST_HOST = "$(BUILT_PRODUCTS_DIR)/nkmlovers_calender.app/nkmlovers_calender";
			};
			name = Debug;
		};
		DC2F6E4E1E31C79A00AE2128 /* Release */ = {
			isa = XCBuildConfiguration;
			buildSettings = {
				BUNDLE_LOADER = "$(TEST_HOST)";
				INFOPLIST_FILE = nkmlovers_calenderTests/Info.plist;
				LD_RUNPATH_SEARCH_PATHS = "$(inherited) @executable_path/Frameworks @loader_path/Frameworks";
				PRODUCT_BUNDLE_IDENTIFIER = "modelinghoge.nkmlovers-calenderTests";
				PRODUCT_NAME = "$(TARGET_NAME)";
				TEST_HOST = "$(BUILT_PRODUCTS_DIR)/nkmlovers_calender.app/nkmlovers_calender";
			};
			name = Release;
		};
		DC2F6E501E31C79A00AE2128 /* Debug */ = {
			isa = XCBuildConfiguration;
			buildSettings = {
				INFOPLIST_FILE = nkmlovers_calenderUITests/Info.plist;
				LD_RUNPATH_SEARCH_PATHS = "$(inherited) @executable_path/Frameworks @loader_path/Frameworks";
				PRODUCT_BUNDLE_IDENTIFIER = "modelinghoge.nkmlovers-calenderUITests";
				PRODUCT_NAME = "$(TARGET_NAME)";
				TEST_TARGET_NAME = nkmlovers_calender;
				USES_XCTRUNNER = YES;
			};
			name = Debug;
		};
		DC2F6E511E31C79A00AE2128 /* Release */ = {
			isa = XCBuildConfiguration;
			buildSettings = {
				INFOPLIST_FILE = nkmlovers_calenderUITests/Info.plist;
				LD_RUNPATH_SEARCH_PATHS = "$(inherited) @executable_path/Frameworks @loader_path/Frameworks";
				PRODUCT_BUNDLE_IDENTIFIER = "modelinghoge.nkmlovers-calenderUITests";
				PRODUCT_NAME = "$(TARGET_NAME)";
				TEST_TARGET_NAME = nkmlovers_calender;
				USES_XCTRUNNER = YES;
			};
			name = Release;
		};
/* End XCBuildConfiguration section */

/* Begin XCConfigurationList section */
		DC2F6E1C1E31C79A00AE2128 /* Build configuration list for PBXProject "nkmlovers_calender" */ = {
			isa = XCConfigurationList;
			buildConfigurations = (
				DC2F6E471E31C79A00AE2128 /* Debug */,
				DC2F6E481E31C79A00AE2128 /* Release */,
			);
			defaultConfigurationIsVisible = 0;
			defaultConfigurationName = Release;
		};
		DC2F6E491E31C79A00AE2128 /* Build configuration list for PBXNativeTarget "nkmlovers_calender" */ = {
			isa = XCConfigurationList;
			buildConfigurations = (
				DC2F6E4A1E31C79A00AE2128 /* Debug */,
				DC2F6E4B1E31C79A00AE2128 /* Release */,
			);
			defaultConfigurationIsVisible = 0;
		};
		DC2F6E4C1E31C79A00AE2128 /* Build configuration list for PBXNativeTarget "nkmlovers_calenderTests" */ = {
			isa = XCConfigurationList;
			buildConfigurations = (
				DC2F6E4D1E31C79A00AE2128 /* Debug */,
				DC2F6E4E1E31C79A00AE2128 /* Release */,
			);
			defaultConfigurationIsVisible = 0;
		};
		DC2F6E4F1E31C79A00AE2128 /* Build configuration list for PBXNativeTarget "nkmlovers_calenderUITests" */ = {
			isa = XCConfigurationList;
			buildConfigurations = (
				DC2F6E501E31C79A00AE2128 /* Debug */,
				DC2F6E511E31C79A00AE2128 /* Release */,
			);
			defaultConfigurationIsVisible = 0;
		};
/* End XCConfigurationList section */
	};
	rootObject = DC2F6E191E31C79A00AE2128 /* Project object */;
}
